version = 1
revision = 3
requires-python = ">=3.12"

[[package]]
name = "halide-llvm"
source = { editable = "." }

[package.dev-dependencies]
dev = [
    { name = "scikit-build-core" },
    { name = "setuptools-scm" },
]

[package.metadata]

[package.metadata.requires-dev]
dev = [
    { name = "scikit-build-core", specifier = ">=0.11" },
    { name = "setuptools-scm", specifier = ">=8" },
]

[[package]]
name = "packaging"
version = "25.0"
source = { registry = "https://pypi.org/simple" }
sdist = { url = "https://files.pythonhosted.org/packages/a1/d4/1fc4078c65507b51b96ca8f8c3ba19e6a61c8253c72794544580a7b6c24d/packaging-25.0.tar.gz", hash = "sha256:d443872c98d677bf60f6a1f2f8c1cb748e8fe762d2bf9d3148b5599295b0fc4f", size = 165727, upload-time = "2025-04-19T11:48:59.673Z" }
wheels = [
    { url = "https://files.pythonhosted.org/packages/20/12/38679034af332785aac8774540895e234f4d07f7545804097de4b666afd8/packaging-25.0-py3-none-any.whl", hash = "sha256:29572ef2b1f17581046b3a2227d5c611fb25ec70ca1ba8554b24b0e69331a484", size = 66469, upload-time = "2025-04-19T11:48:57.875Z" },
]

[[package]]
name = "pathspec"
version = "0.12.1"
source = { registry = "https://pypi.org/simple" }
sdist = { url = "https://files.pythonhosted.org/packages/ca/bc/f35b8446f4531a7cb215605d100cd88b7ac6f44ab3fc94870c120ab3adbf/pathspec-0.12.1.tar.gz", hash = "sha256:a482d51503a1ab33b1c67a6c3813a26953dbdc71c31dacaef9a838c4e29f5712", size = 51043, upload-time = "2023-12-10T22:30:45Z" }
wheels = [
    { url = "https://files.pythonhosted.org/packages/cc/20/ff623b09d963f88bfde16306a54e12ee5ea43e9b597108672ff3a408aad6/pathspec-0.12.1-py3-none-any.whl", hash = "sha256:a0d503e138a4c123b27490a4f7beda6a01c6f288df0e4a8b79c7eb0dc7b4cc08", size = 31191, upload-time = "2023-12-10T22:30:43.14Z" },
]

[[package]]
name = "scikit-build-core"
version = "0.11.5"
source = { registry = "https://pypi.org/simple" }
dependencies = [
    { name = "packaging" },
    { name = "pathspec" },
]
sdist = { url = "https://files.pythonhosted.org/packages/00/3c/57152788a76e38947647e30ded96ad3a623e735c40c6bfd342c0bed1ebd0/scikit_build_core-0.11.5.tar.gz", hash = "sha256:8f0a1edb86cb087876f3c699d2a2682012efd8867b390ed37355f13949d0628e", size = 285500, upload-time = "2025-06-27T04:49:59.03Z" }
wheels = [
    { url = "https://files.pythonhosted.org/packages/45/23/0ffa0df7550ca0535f6e03b9a9ab2bf0495ac62e15fd322544c98321a10c/scikit_build_core-0.11.5-py3-none-any.whl", hash = "sha256:fada727b49f6c34f943bd52773a130bbd1f9b322d751251048ddbe2f4ce92761", size = 185664, upload-time = "2025-06-27T04:49:57.226Z" },
]

[[package]]
name = "setuptools"
version = "80.9.0"
source = { registry = "https://pypi.org/simple" }
sdist = { url = "https://files.pythonhosted.org/packages/18/5d/3bf57dcd21979b887f014ea83c24ae194cfcd12b9e0fda66b957c69d1fca/setuptools-80.9.0.tar.gz", hash = "sha256:f36b47402ecde768dbfafc46e8e4207b4360c654f1f3bb84475f0a28628fb19c", size = 1319958, upload-time = "2025-05-27T00:56:51.443Z" }
wheels = [
    { url = "https://files.pythonhosted.org/packages/a3/dc/17031897dae0efacfea57dfd3a82fdd2a2aeb58e0ff71b77b87e44edc772/setuptools-80.9.0-py3-none-any.whl", hash = "sha256:062d34222ad13e0cc312a4c02d73f059e86a4acbfbdea8f8f76b28c99f306922", size = 1201486, upload-time = "2025-05-27T00:56:49.664Z" },
]

[[package]]
name = "setuptools-scm"
version = "8.3.1"
source = { registry = "https://pypi.org/simple" }
dependencies = [
    { name = "packaging" },
    { name = "setuptools" },
]
sdist = { url = "https://files.pythonhosted.org/packages/b9/19/7ae64b70b2429c48c3a7a4ed36f50f94687d3bfcd0ae2f152367b6410dff/setuptools_scm-8.3.1.tar.gz", hash = "sha256:3d555e92b75dacd037d32bafdf94f97af51ea29ae8c7b234cf94b7a5bd242a63", size = 78088, upload-time = "2025-04-23T11:53:19.739Z" }
wheels = [
    { url = "https://files.pythonhosted.org/packages/ab/ac/8f96ba9b4cfe3e4ea201f23f4f97165862395e9331a424ed325ae37024a8/setuptools_scm-8.3.1-py3-none-any.whl", hash = "sha256:332ca0d43791b818b841213e76b1971b7711a960761c5bea5fc5cdb5196fbce3", size = 43935, upload-time = "2025-04-23T11:53:17.922Z" },
]
